github.com/andybalholm/cascadia v1.1.0 h1:BuuO6sSfQNFRu1LppgbD25Hr2vLYW25JvxHs5zzsLTo=
github.com/andybalholm/cascadia v1.1.0/go.mod h1:GsXiBklL0woXo1j/WYWtSYYC4ouU9PqHO0sqidkEA4Y=
github.com/chris-ramon/douceur v0.2.1-0.20160603235419-f3463056cd52 h1:xJWyi77j4VQwdeo6bO3wQSQ7o7yVwEM0ZvwXpyKHZZ8=
github.com/chris-ramon/douceur v0.2.1-0.20160603235419-f3463056cd52/go.mod h1:wDW5xjJdeoMm1mRt4sD4c/LbF/mWdEpRXQKjTR8nIBE=
github.com/creack/pty v1.1.9/go.mod h1:oKZEueFk5CKHvIhNR5MUki03XCEU+Q6VDXinZuGJ33E=
github.com/dlclark/regexp2 v1.4.0 h1:F1rxgk7p4uKjwIQxBs9oAXe5CqrXlCduYEJvrF4u93E=
github.com/dlclark/regexp2 v1.4.0/go.mod h1:2pZnwuY/m+8K6iRw6wQdMtk+rH5tNGR1i55kozfMjCc=
github.com/dop251/goja v0.0.0-20210227132020-101e13ab2c34/go.mod h1:Mw6PkjjMXWbTj+nnj4s3QPXq1jaT0s5pC0iFD4+BOAA=
github.com/dop251/goja v0.0.0-20210317175251-bb14c2267b76 h1:da/WKkWtBnwAC/DPGZQ7W2pKVEHGEyFU1u40L73DJN8=
github.com/dop251/goja v0.0.0-20210317175251-bb14c2267b76/go.mod h1:Mw6PkjjMXWbTj+nnj4s3QPXq1jaT0s5pC0iFD4+BOAA=
github.com/dop251/goja_nodejs v0.0.0-20210225215109-d91c329300e7 h1:tYwu/z8Y0NkkzGEh3z21mSWggMg4LwLRFucLS7TjARg=
github.com/dop251/goja_nodejs v0.0.0-20210225215109-d91c329300e7/go.mod h1:hn7BA7c8pLvoGndExHudxTDKZ84Pyvv+90pbBjbTz0Y=
github.com/go-sourcemap/sourcemap v2.1.3+incompatible h1:W1iEw64niKVGogNgBN3ePyLFfuisuzeidWPMPWmECqU=
github.com/go-sourcemap/sourcemap v2.1.3+incompatible/go.mod h1:F8jJfvm2KbVjc5NqelyYJmf/v5J0dwNLS2mL4sNA1Jg=
github.com/gorilla/css v1.0.0 h1:BQqNyPTi50JCFMTw/b67hByjMVXZRwGha6wxVGkeihY=
github.com/gorilla/css v1.0.0/go.mod h1:Dn721qIggHpt4+EFCcTLTU/vk5ySda2ReITrtgBl60c=
github.com/jvatic/goja-babel v0.0.0-20210308004931-b9e24388e7b1 h1:EY2d0ZMYeM/Dt9/y5rUOnRAD3zKYZGVRSJsHVffjGDs=
github.com/jvatic/goja-babel v0.0.0-20210308004931-b9e24388e7b1/go.mod h1:5NHa0M/kGAhy4C5ELE23ujvNwbUrMz88DvVZkU6usqg=
github.com/knusbaum/go v0.0.0-20200413212707-848f58a0ec6e h1:sMC7OcZa45aGaUJlCN2gK6l5IQD9WXTLXtFWIzZaeJQ=
github.com/knusbaum/go v0.0.0-20200413212707-848f58a0ec6e/go.mod h1:VCPNE8vAcDWdtdY1piEGVOtcdrgFfQ3xV6q4XUwdAm8=
github.com/kr/pretty v0.2.1 h1:Fmg33tUaq4/8ym9TJN1x7sLJnHVwhP33CNkpYV/7rwI=
github.com/kr/pretty v0.2.1/go.mod h1:ipq/a2n7PKx3OHsz4KJII5eveXtPO4qwEXGdVfWzfnI=
github.com/kr/pty v1.1.1/go.mod h1:pFQYn66WHrOpPYNljwOMqo10TkYh1fy3cYio2l3bCsQ=
github.com/kr/text v0.1.0/go.mod h1:4Jbv+DJW3UT/LiOwJeYQe1efqtUx/iVham/4vfdArNI=
github.com/kr/text v0.2.0 h1:5Nx0Ya0ZqY2ygV366QzturHI13Jq95ApcVaJBhpS+AY=
github.com/kr/text v0.2.0/go.mod h1:eLer722TekiGuMkidMxC/pM04lWEeraHUUmBw8l2grE=
github.com/mjl-/duit v0.0.0-20200330125617-580cb0b2843f h1:eGFou1VfXmiti7EMQED6BIzfALMYi6/fBMIRL4usKfw=
github.com/mjl-/duit v0.0.0-20200330125617-580cb0b2843f/go.mod h1:OlRagobzQ97GoM+WaQ5kyzdyts952BFYsuY5bMyv9tw=
github.com/nfnt/resize v0.0.0-20180221191011-83c6a9932646 h1:zYyBkD/k9seD2A7fsi6Oo2LfFZAehjjQMERAvZLEDnQ=
github.com/nfnt/resize v0.0.0-20180221191011-83c6a9932646/go.mod h1:jpp1/29i3P1S/RLdc7JQKbRpFeM1dOBd8T9ki5s+AY8=
github.com/srwiley/oksvg v0.0.0-20210320200257-875f767ac39a h1:Lhe6HPtH4ndWfV56fWc4/yQhOP3vEGlwl5nfPyBxUAg=
github.com/srwiley/oksvg v0.0.0-20210320200257-875f767ac39a/go.mod h1:afMbS0qvv1m5tfENCwnOdZGOF8RGR/FsZ7bvBxQGZG4=
github.com/srwiley/rasterx v0.0.0-20200120212402-85cb7272f5e9 h1:m59mIOBO4kfcNCEzJNy71UkeF4XIx2EVmL9KLwDQdmM=
github.com/srwiley/rasterx v0.0.0-20200120212402-85cb7272f5e9/go.mod h1:mvWM0+15UqyrFKqdRjY6LuAVJR0HOVhJlEgZ5JWtSWU=
github.com/stvp/assert v0.0.0-20170616060220-4bc16443988b h1:GlTM/aMVIwU3luIuSN2SIVRuTqGPt1P97YxAi514ulw=
github.com/stvp/assert v0.0.0-20170616060220-4bc16443988b/go.mod h1:CC7OXV9IjEZRA+znA6/Kz5vbSwh69QioernOHeDCatU=
golang.org/x/image v0.0.0-20210220032944-ac19c3e999fb h1:fqpd0EBDzlHRCjiphRR5Zo/RSWWQlWv34418dnEixWk=
golang.org/x/image v0.0.0-20210220032944-ac19c3e999fb/go.mod h1:FeLwcggjj3mMvU+oOTbSwawSJRM1uh48EjtB4UJZlP0=
golang.org/x/net v0.0.0-20180218175443-cbe0f9307d01/go.mod h1:mL1N/T3taQHkDXs73rZJwtUhF3w3ftmwwsq0BUmARs4=
golang.org/x/net v0.0.0-20210316092652-d523dce5a7f4 h1:b0LrWgu8+q7z4J+0Y3Umo5q1dL7NXBkKBWkaVkAq17E=
golang.org/x/net v0.0.0-20210316092652-d523dce5a7f4/go.mod h1:RBQZq4jEuRlivfhVLdyRGr576XBO4/greRjx4P4O3yc=
golang.org/x/sys v0.0.0-20201119102817-f84b799fce68/go.mod h1:h1NjWce9XRLGQEsW7wpKNCjG9DtNlClVuFLEZdDNbEs=
golang.org/x/sys v0.0.0-20210315160823-c6e025ad8005/go.mod h1:h1NjWce9XRLGQEsW7wpKNCjG9DtNlClVuFLEZdDNbEs=
golang.org/x/term v0.0.0-20201126162022-7de9c90e9dd1/go.mod h1:bj7SfCRtBDWHUb9snDiAeCFNEtKQo2Wmx5Cou7ajbmo=
golang.org/x/text v0.3.0/go.mod h1:NqM8EUOU14njkJ3fqMW+pc6Ldnwhi/IjpwHt7yyuwOQ=
golang.org/x/text v0.3.3/go.mod h1:5Zoc/QRtKVWzQhOtBMvqHzDpF6irO9z98xDceosuGiQ=
golang.org/x/text v0.3.5 h1:i6eZZ+zk0SOf0xgBpEpPD18qWcJda6q1sxt3S0kzyUQ=
golang.org/x/text v0.3.5/go.mod h1:5Zoc/QRtKVWzQhOtBMvqHzDpF6irO9z98xDceosuGiQ=
golang.org/x/tools v0.0.0-20180917221912-90fa682c2a6e/go.mod h1:n7NCudcB/nEzxVGmLbDWY5pfWTLqBcC2KZ6jyYvM4mQ=
gopkg.in/check.v1 v0.0.0-20161208181325-20d25e280405/go.mod h1:Co6ibVJAznAaIkqp8huTwlJQCZ016jof/cbN4VW5Yz0=
gopkg.in/yaml.v2 v2.4.0 h1:D8xgwECY7CYvx+Y2n4sBz93Jn9JRvxdiyyo8CTfuKaY=
gopkg.in/yaml.v2 v2.4.0/go.mod h1:RDklbk79AGWmwhnvt/jBztapEOGDOx6ZbXqjP6csGnQ=
