github.com/PuerkitoBio/goquery v1.6.0 h1:j7taAbelrdcsOlGeMenZxc2AWXD5fieT1/znArdnx94=
github.com/PuerkitoBio/goquery v1.6.0/go.mod h1:GsLWisAFVj4WgDibEWF4pvYnkVQBpKBKeU+7zCJoLcc=
github.com/andybalholm/cascadia v1.1.0 h1:BuuO6sSfQNFRu1LppgbD25Hr2vLYW25JvxHs5zzsLTo=
github.com/andybalholm/cascadia v1.1.0/go.mod h1:GsXiBklL0woXo1j/WYWtSYYC4ouU9PqHO0sqidkEA4Y=
github.com/chris-ramon/douceur v0.2.1-0.20160603235419-f3463056cd52 h1:xJWyi77j4VQwdeo6bO3wQSQ7o7yVwEM0ZvwXpyKHZZ8=
github.com/chris-ramon/douceur v0.2.1-0.20160603235419-f3463056cd52/go.mod h1:wDW5xjJdeoMm1mRt4sD4c/LbF/mWdEpRXQKjTR8nIBE=
github.com/dlclark/regexp2 v1.2.0 h1:8sAhBGEM0dRWogWqWyQeIJnxjWO6oIjl8FKqREDsGfk=
github.com/dlclark/regexp2 v1.2.0/go.mod h1:2pZnwuY/m+8K6iRw6wQdMtk+rH5tNGR1i55kozfMjCc=
github.com/dop251/goja v0.0.0-20191203121440-007eef3bc40f/go.mod h1:Mw6PkjjMXWbTj+nnj4s3QPXq1jaT0s5pC0iFD4+BOAA=
github.com/dop251/goja v0.0.0-20201107160812-7545ac6de48a h1:RYcWAh8DBgQQ7Fi3YhoyMhtGiF8JHKBDSeym7wd9o10=
github.com/dop251/goja v0.0.0-20201107160812-7545ac6de48a/go.mod h1:Mw6PkjjMXWbTj+nnj4s3QPXq1jaT0s5pC0iFD4+BOAA=
github.com/dop251/goja_nodejs v0.0.0-20200811150831-9bc458b4bbeb h1:UGtCiVzBK40WGYBmNui17MHCkAqdo1j3BbhtU3mB1fI=
github.com/dop251/goja_nodejs v0.0.0-20200811150831-9bc458b4bbeb/go.mod h1:hn7BA7c8pLvoGndExHudxTDKZ84Pyvv+90pbBjbTz0Y=
github.com/go-sourcemap/sourcemap v2.1.2+incompatible h1:0b/xya7BKGhXuqFESKM4oIiRo9WOt2ebz7KxfreD6ug=
github.com/go-sourcemap/sourcemap v2.1.2+incompatible/go.mod h1:F8jJfvm2KbVjc5NqelyYJmf/v5J0dwNLS2mL4sNA1Jg=
github.com/gorilla/css v1.0.0 h1:BQqNyPTi50JCFMTw/b67hByjMVXZRwGha6wxVGkeihY=
github.com/gorilla/css v1.0.0/go.mod h1:Dn721qIggHpt4+EFCcTLTU/vk5ySda2ReITrtgBl60c=
github.com/jvatic/goja-babel v0.0.0-20200102152603-63c66b7c796a h1:WuwcEKWfDriJzlronFYhSDz9me9Xl7UbanAxTHpCLXA=
github.com/jvatic/goja-babel v0.0.0-20200102152603-63c66b7c796a/go.mod h1:2Rjou2jq2BUH7Adnd9cIcU2fOYAIz2GxyuyqsNJm0N4=
github.com/knusbaum/go v0.0.0-20200413212707-848f58a0ec6e h1:sMC7OcZa45aGaUJlCN2gK6l5IQD9WXTLXtFWIzZaeJQ=
github.com/knusbaum/go v0.0.0-20200413212707-848f58a0ec6e/go.mod h1:VCPNE8vAcDWdtdY1piEGVOtcdrgFfQ3xV6q4XUwdAm8=
github.com/kr/pretty v0.1.0 h1:L/CwN0zerZDmRFUapSPitk6f+Q3+0za1rQkzVuMiMFI=
github.com/kr/pretty v0.1.0/go.mod h1:dAy3ld7l9f0ibDNOQOHHMYYIIbhfbHSm3C4ZsoJORNo=
github.com/kr/pty v1.1.1/go.mod h1:pFQYn66WHrOpPYNljwOMqo10TkYh1fy3cYio2l3bCsQ=
github.com/kr/text v0.1.0 h1:45sCR5RtlFHMR4UwH9sdQ5TC8v0qDQCHnXt+kaKSTVE=
github.com/kr/text v0.1.0/go.mod h1:4Jbv+DJW3UT/LiOwJeYQe1efqtUx/iVham/4vfdArNI=
github.com/mjl-/duit v0.0.0-20200330125617-580cb0b2843f h1:eGFou1VfXmiti7EMQED6BIzfALMYi6/fBMIRL4usKfw=
github.com/mjl-/duit v0.0.0-20200330125617-580cb0b2843f/go.mod h1:OlRagobzQ97GoM+WaQ5kyzdyts952BFYsuY5bMyv9tw=
github.com/nfnt/resize v0.0.0-20180221191011-83c6a9932646 h1:zYyBkD/k9seD2A7fsi6Oo2LfFZAehjjQMERAvZLEDnQ=
github.com/nfnt/resize v0.0.0-20180221191011-83c6a9932646/go.mod h1:jpp1/29i3P1S/RLdc7JQKbRpFeM1dOBd8T9ki5s+AY8=
github.com/psilva261/css v0.1.0 h1:lzQtXIUKSdH7s6Vi4SeOt1YnTWFY2O/H//rujTGcu10=
github.com/psilva261/css v0.1.0/go.mod h1:3jVsGoeXcAQqOOyDYqJe4p3bFgR1IXdAilbe2V4WMbE=
github.com/srwiley/oksvg v0.0.0-20200311192757-870daf9aa564 h1:HunZiaEKNGVdhTRQOVpMmj5MQnGnv+e8uZNu3xFLgyM=
github.com/srwiley/oksvg v0.0.0-20200311192757-870daf9aa564/go.mod h1:afMbS0qvv1m5tfENCwnOdZGOF8RGR/FsZ7bvBxQGZG4=
github.com/srwiley/rasterx v0.0.0-20200120212402-85cb7272f5e9 h1:m59mIOBO4kfcNCEzJNy71UkeF4XIx2EVmL9KLwDQdmM=
github.com/srwiley/rasterx v0.0.0-20200120212402-85cb7272f5e9/go.mod h1:mvWM0+15UqyrFKqdRjY6LuAVJR0HOVhJlEgZ5JWtSWU=
github.com/stvp/assert v0.0.0-20170616060220-4bc16443988b h1:GlTM/aMVIwU3luIuSN2SIVRuTqGPt1P97YxAi514ulw=
github.com/stvp/assert v0.0.0-20170616060220-4bc16443988b/go.mod h1:CC7OXV9IjEZRA+znA6/Kz5vbSwh69QioernOHeDCatU=
golang.org/x/crypto v0.0.0-20190308221718-c2843e01d9a2/go.mod h1:djNgcEr1/C05ACkg1iLfiJU5Ep61QUkGW8qpdssI0+w=
golang.org/x/crypto v0.0.0-20200622213623-75b288015ac9/go.mod h1:LzIPMQfyMNhhGPhUkYOs5KpL4U8rLKemX1yGLhDgUto=
golang.org/x/image v0.0.0-20200927104501-e162460cd6b5 h1:QelT11PB4FXiDEXucrfNckHoFxwt8USGY1ajP1ZF5lM=
golang.org/x/image v0.0.0-20200927104501-e162460cd6b5/go.mod h1:FeLwcggjj3mMvU+oOTbSwawSJRM1uh48EjtB4UJZlP0=
golang.org/x/net v0.0.0-20180218175443-cbe0f9307d01/go.mod h1:mL1N/T3taQHkDXs73rZJwtUhF3w3ftmwwsq0BUmARs4=
golang.org/x/net v0.0.0-20190404232315-eb5bcb51f2a3/go.mod h1:t9HGtf8HONx5eT2rtn7q6eTqICYqUVnKs3thJo3Qplg=
golang.org/x/net v0.0.0-20191108045252-6f6bbb1828be/go.mod h1:z5CRVTTTmAJ677TzLLGU+0bjPO0LkuOLi4/5GtJWs/s=
golang.org/x/net v0.0.0-20200202094626-16171245cfb2/go.mod h1:z5CRVTTTmAJ677TzLLGU+0bjPO0LkuOLi4/5GtJWs/s=
golang.org/x/net v0.0.0-20201110031124-69a78807bb2b h1:uwuIcX0g4Yl1NC5XAz37xsr2lTtcqevgzYNVt49waME=
golang.org/x/net v0.0.0-20201110031124-69a78807bb2b/go.mod h1:sp8m0HH+o8qH0wwXwYZr8TS3Oi6o0r6Gce1SSxlDquU=
golang.org/x/sys v0.0.0-20190215142949-d0b11bdaac8a/go.mod h1:STP8DvDyc/dI5b8T5hshtkjS+E42TnysNCUPdjciGhY=
golang.org/x/sys v0.0.0-20190412213103-97732733099d/go.mod h1:h1NjWce9XRLGQEsW7wpKNCjG9DtNlClVuFLEZdDNbEs=
golang.org/x/sys v0.0.0-20200930185726-fdedc70b468f/go.mod h1:h1NjWce9XRLGQEsW7wpKNCjG9DtNlClVuFLEZdDNbEs=
golang.org/x/text v0.3.0/go.mod h1:NqM8EUOU14njkJ3fqMW+pc6Ldnwhi/IjpwHt7yyuwOQ=
golang.org/x/text v0.3.2/go.mod h1:bEr9sfX3Q8Zfm5fL9x+3itogRgK3+ptLWKqgva+5dAk=
golang.org/x/text v0.3.3/go.mod h1:5Zoc/QRtKVWzQhOtBMvqHzDpF6irO9z98xDceosuGiQ=
golang.org/x/text v0.3.4 h1:0YWbFKbhXG/wIiuHDSKpS0Iy7FSA+u45VtBMfQcFTTc=
golang.org/x/text v0.3.4/go.mod h1:5Zoc/QRtKVWzQhOtBMvqHzDpF6irO9z98xDceosuGiQ=
golang.org/x/tools v0.0.0-20180917221912-90fa682c2a6e/go.mod h1:n7NCudcB/nEzxVGmLbDWY5pfWTLqBcC2KZ6jyYvM4mQ=
gopkg.in/check.v1 v0.0.0-20161208181325-20d25e280405 h1:yhCVgyC4o1eVCa2tZl7eS0r+SDo693bJlVdllGtEeKM=
gopkg.in/check.v1 v0.0.0-20161208181325-20d25e280405/go.mod h1:Co6ibVJAznAaIkqp8huTwlJQCZ016jof/cbN4VW5Yz0=
gopkg.in/yaml.v2 v2.3.0 h1:clyUAQHOM3G0M3f5vQj7LuJrETvjVot3Z5el9nffUtU=
gopkg.in/yaml.v2 v2.3.0/go.mod h1:hI93XBmqTisBFMUTm0b8Fm+jr3Dg1NNxqwp+5A1VGuI=
